
Microsoft Visual Studio Solution File, Format Version 12.00
# Visual Studio 14
VisualStudioVersion = 14.0.24720.0
MinimumVisualStudioVersion = 10.0.40219.1
Project("{FAE04EC0-301F-11D3-BF4B-00C04F79EFBC}") = "List", "List\List.csproj", "{5A7E5C82-4D4A-4133-9F99-6CE56C36605E}"
EndProject
Project("{2150E333-8FDC-42A3-9474-1A3956D46DE8}") = "Setup", "Setup", "{AA180862-0D04-48AB-843A-6634A30EB954}"
	ProjectSection(SolutionItems) = preProject
		Setup\List.iss = Setup\List.iss
	EndProjectSection
EndProject
Global
	GlobalSection(SolutionConfigurationPlatforms) = preSolution
		Debug|Any CPU = Debug|Any CPU
		Release|Any CPU = Release|Any CPU
	EndGlobalSection
	GlobalSection(ProjectConfigurationPlatforms) = postSolution
		{5A7E5C82-4D4A-4133-9F99-6CE56C36605E}.Debug|Any CPU.ActiveCfg = Debug|Any CPU
		{5A7E5C82-4D4A-4133-9F99-6CE56C36605E}.Debug|Any CPU.Build.0 = Debug|Any CPU
		{5A7E5C82-4D4A-4133-9F99-6CE56C36605E}.Release|Any CPU.ActiveCfg = Release|Any CPU
		{5A7E5C82-4D4A-4133-9F99-6CE56C36605E}.Release|Any CPU.Build.0 = Release|Any CPU
	EndGlobalSection
	GlobalSection(SolutionProperties) = preSolution
		HideSolutionNode = FALSE
	EndGlobalSection
EndGlobal
